
Microsoft Visual Studio Solution File, Format Version 12.00
Project("{FAE04EC0-301F-11D3-BF4B-00C04F79EFBC}") = "Weatherbroker", "Weatherbroker\Weatherbroker.csproj", "{CC4C9838-3B09-4B66-BB74-DF797D27F57D}"
EndProject
Project("{2150E333-8FDC-42A3-9474-1A3956D46DE8}") = "Solution Items", "Solution Items", "{A55749C9-92A1-4BC8-99F5-F007C40B6E3A}"
	ProjectSection(SolutionItems) = preProject
		compose.yaml = compose.yaml
	EndProjectSection
EndProject
Global
	GlobalSection(SolutionConfigurationPlatforms) = preSolution
		Debug|Any CPU = Debug|Any CPU
		Release|Any CPU = Release|Any CPU
		Rele|Any CPU = Rele|Any CPU
	EndGlobalSection
	GlobalSection(ProjectConfigurationPlatforms) = postSolution
		{CC4C9838-3B09-4B66-BB74-DF797D27F57D}.Debug|Any CPU.ActiveCfg = Debug|Any CPU
		{CC4C9838-3B09-4B66-BB74-DF797D27F57D}.Debug|Any CPU.Build.0 = Debug|Any CPU
		{CC4C9838-3B09-4B66-BB74-DF797D27F57D}.Release|Any CPU.ActiveCfg = Release|Any CPU
		{CC4C9838-3B09-4B66-BB74-DF797D27F57D}.Release|Any CPU.Build.0 = Release|Any CPU
		{CC4C9838-3B09-4B66-BB74-DF797D27F57D}.Rele|Any CPU.ActiveCfg = Rele|Any CPU
		{CC4C9838-3B09-4B66-BB74-DF797D27F57D}.Rele|Any CPU.Build.0 = Rele|Any CPU
		{CC4C9838-3B09-4B66-BB74-DF797D27F57D}.Rele|Any CPU.Deploy.0 = Rele|Any CPU
	EndGlobalSection
EndGlobal
